github.com/davecgh/go-spew v1.1.1/go.mod h1:J7Y8YcW2NihsgmVo/mv3lAwl/skON4iLHjSsI+c5H38=
github.com/inconshreveable/mousetrap v1.0.0/go.mod h1:PxqpIevigyE2G7u3NXJIT2ANytuPF1OarO4DADm73n8=
github.com/konsorten/go-windows-terminal-sequences v0.0.0-20180402223658-b729f2633dfe/go.mod h1:T0+1ngSBFLxvqU3pZ+m/2kptfBszLMUkC4ZK/EgS/cQ=
github.com/pmezard/go-difflib v1.0.0/go.mod h1:iKH77koFhYxTK1pcRnkKkqfTogsbg7gZNVY4sRDYZ/4=
github.com/project-flogo/cli v0.0.0-20181024182012-31661b57e5a1 h1:kuv3EQaYH/H8msXPChRpYBTSHbQxWdbvPvP7rWVeHzA=
github.com/project-flogo/cli v0.0.0-20181024182012-31661b57e5a1/go.mod h1:ZA/roLTgcVJyVB9jd+kgKzfLXkMvwJof1h/b3WS4HQo=
github.com/project-flogo/core v0.0.0-20181012044533-4259fd8e1090 h1:eoxgJBk9DiOVwN4aopRPQA4i3VLYKwfKADVpEVE91BY=
github.com/project-flogo/core v0.0.0-20181012044533-4259fd8e1090/go.mod h1:aJVN1J0WbVcirlLd5bBkBanEa2qywvqlSMiOYj5dcvk=
github.com/sirupsen/logrus v1.0.6 h1:hcP1GmhGigz/O7h1WVUM5KklBp1JoNS9FggWKdj/j3s=
github.com/sirupsen/logrus v1.0.6/go.mod h1:pMByvHTf9Beacp5x1UXfOR9xyW/9antXMhjMPG0dEzc=
github.com/sirupsen/logrus v1.1.0 h1:65VZabgUiV9ktjGM5nTq0+YurgTyX+YI2lSSfDjI+qU=
github.com/sirupsen/logrus v1.1.0/go.mod h1:zrgwTnHtNr00buQ1vSptGe8m1f/BbgsPukg8qsT7A+A=
github.com/skothari-tibco/newCli v0.0.0-20181008184535-4cac690c366c h1:sU7t7PXhtFpwxDb7FfEiHzxH44bbZqexPmOxL7GYURY=
github.com/skothari-tibco/newCli v0.0.0-20181008184535-4cac690c366c/go.mod h1:JwZdXWqRqHjDFlOeGEdx4jmpfpT/hkWVUS2usDNR03c=
github.com/skothari-tibco/newCli v0.0.0-20181009013928-3c4b037a316c h1:jVw7ELQCuK5ODZfDfen+q7PaFRPYp4tTy6gWzheCLvY=
github.com/skothari-tibco/newCli v0.0.0-20181009013928-3c4b037a316c/go.mod h1:GXNPi+fjJTsLJDMGvtKv1H3XCQezH0oJZnQ2+NPJZes=
github.com/skothari-tibco/registry v0.0.3 h1:v+5P7AZLp7RXzcV8dWhlTaMWC5wn0om7lag3NY55NDU=
github.com/skothari-tibco/registry v0.0.3/go.mod h1:IZUDhf7WQrYL/OQ1vcAYCECLuHt5TNPTeHrX+3+6rT4=
github.com/skothari-tibco/walrus v0.0.9/go.mod h1:LAI/yRNvpCCFhqCb/p0qb5Fjk/SVbwhg3rff8l3+nY4=
github.com/spf13/cobra v0.0.3 h1:ZlrZ4XsMRm04Fr5pSFxBgfND2EBVa1nLpiy1stUsX/8=
github.com/spf13/cobra v0.0.3/go.mod h1:1l0Ry5zgKvJasoi3XT1TypsSe7PqH0Sj9dhYf7v3XqQ=
github.com/spf13/pflag v1.0.3 h1:zPAT6CGy6wXeQ7NtTnaTerfKOsV6V6F8agHXFiazDkg=
github.com/spf13/pflag v1.0.3/go.mod h1:DYY7MBk1bdzusC3SYhjObp+wFpr4gzcvqqNjLnInEg4=
github.com/stretchr/objx v0.1.1/go.mod h1:HFkY916IF+rwdDfMAkV7OtwuqBVzrE8GR6GFx+wExME=
github.com/stretchr/testify v1.2.2/go.mod h1:a8OnRcib4nhh0OaRAV+Yts87kKdq0PP7pXfy6kDkUVs=
golang.org/x/crypto v0.0.0-20180904163835-0709b304e793/go.mod h1:6SG95UA2DQfeDnfUPMdvaQW0Q7yPrPDi9nlGo2tz2b4=
golang.org/x/crypto v0.0.0-20181001203147-e3636079e1a4 h1:Vk3wNqEZwyGyei9yq5ekj7frek2u7HUfffJ1/opblzc=
golang.org/x/crypto v0.0.0-20181001203147-e3636079e1a4/go.mod h1:6SG95UA2DQfeDnfUPMdvaQW0Q7yPrPDi9nlGo2tz2b4=
golang.org/x/crypto v0.0.0-20181012144002-a92615f3c490 h1:va0qYsIOza3Nlf2IncFyOql4/3XUq3vfge/Ad64bhlM=
golang.org/x/crypto v0.0.0-20181012144002-a92615f3c490/go.mod h1:6SG95UA2DQfeDnfUPMdvaQW0Q7yPrPDi9nlGo2tz2b4=
golang.org/x/sys v0.0.0-20180905080454-ebe1bf3edb33/go.mod h1:STP8DvDyc/dI5b8T5hshtkjS+E42TnysNCUPdjciGhY=
golang.org/x/sys v0.0.0-20181003125602-219bb53033fb h1:jAqjLLCUa10mvp9WUI5KBTyqc2SPm10rxr/OddikBkU=
golang.org/x/sys v0.0.0-20181003125602-219bb53033fb/go.mod h1:STP8DvDyc/dI5b8T5hshtkjS+E42TnysNCUPdjciGhY=
golang.org/x/sys v0.0.0-20181011152604-fa43e7bc11ba h1:nZJIJPGow0Kf9bU9QTc1U6OXbs/7Hu4e+cNv+hxH+Zc=
golang.org/x/sys v0.0.0-20181011152604-fa43e7bc11ba/go.mod h1:STP8DvDyc/dI5b8T5hshtkjS+E42TnysNCUPdjciGhY=
